// !$*UTF8*$!
{
	archiveVersion = 1;
	classes = {
	};
	objectVersion = 46;
	objects = {

/* Begin PBXBuildFile section */
		1814CB351CEE0B47004D7540 /* main.swift in Sources */ = {isa = PBXBuildFile; fileRef = 1814CB341CEE0B47004D7540 /* main.swift */; };
		1814CB381CEE0DC3004D7540 /* QTouchposeApplication.m in Sources */ = {isa = PBXBuildFile; fileRef = 1814CB371CEE0DC3004D7540 /* QTouchposeApplication.m */; };
		183FF6A91CF8FB6F0086D011 /* ProfilViewController.swift in Sources */ = {isa = PBXBuildFile; fileRef = 183FF6A81CF8FB6F0086D011 /* ProfilViewController.swift */; };
		183FF6AD1CFA078D0086D011 /* SYPath.swift in Sources */ = {isa = PBXBuildFile; fileRef = 183FF6AB1CFA078D0086D011 /* SYPath.swift */; };
		183FF6AE1CFA078D0086D011 /* Utils.swift in Sources */ = {isa = PBXBuildFile; fileRef = 183FF6AC1CFA078D0086D011 /* Utils.swift */; };
		183FF6B31CFC75970086D011 /* symbiosis.json in Resources */ = {isa = PBXBuildFile; fileRef = 183FF6B21CFC75970086D011 /* symbiosis.json */; };
		183FF6B51CFC77240086D011 /* SYDataLoader.swift in Sources */ = {isa = PBXBuildFile; fileRef = 183FF6B41CFC77240086D011 /* SYDataLoader.swift */; };
		1848F01C1CF6446D000C45D6 /* SYElement.swift in Sources */ = {isa = PBXBuildFile; fileRef = 1848F0121CF6446D000C45D6 /* SYElement.swift */; };
		1848F01F1CF6446D000C45D6 /* SYGeom.swift in Sources */ = {isa = PBXBuildFile; fileRef = 1848F0151CF6446D000C45D6 /* SYGeom.swift */; };
		1848F0211CF6446D000C45D6 /* SYPlant.swift in Sources */ = {isa = PBXBuildFile; fileRef = 1848F0171CF6446D000C45D6 /* SYPlant.swift */; };
		1848F0221CF6446D000C45D6 /* SYRandomManager.swift in Sources */ = {isa = PBXBuildFile; fileRef = 1848F0181CF6446D000C45D6 /* SYRandomManager.swift */; };
		1848F0231CF6446D000C45D6 /* SYShape.swift in Sources */ = {isa = PBXBuildFile; fileRef = 1848F0191CF6446D000C45D6 /* SYShape.swift */; };
		1848F0251CF6446D000C45D6 /* SYStructs.swift in Sources */ = {isa = PBXBuildFile; fileRef = 1848F01B1CF6446D000C45D6 /* SYStructs.swift */; };
		184FA85D1CE0CBC4007D5C6F /* SYState.swift in Sources */ = {isa = PBXBuildFile; fileRef = 184FA85C1CE0CBC4007D5C6F /* SYState.swift */; };
		185439851CEBC4EF00B1D86C /* Mapbox.framework in Frameworks */ = {isa = PBXBuildFile; fileRef = 185439841CEBC4EF00B1D86C /* Mapbox.framework */; };
		185439861CEBC4EF00B1D86C /* Mapbox.framework in Embed Frameworks */ = {isa = PBXBuildFile; fileRef = 185439841CEBC4EF00B1D86C /* Mapbox.framework */; settings = {ATTRIBUTES = (CodeSignOnCopy, RemoveHeadersOnCopy, ); }; };
		1854398D1CEBC5DD00B1D86C /* MainViewController.swift in Sources */ = {isa = PBXBuildFile; fileRef = 1854398B1CEBC5DD00B1D86C /* MainViewController.swift */; };
		1854398E1CEBC5DD00B1D86C /* PlantSceneViewController.swift in Sources */ = {isa = PBXBuildFile; fileRef = 1854398C1CEBC5DD00B1D86C /* PlantSceneViewController.swift */; };
		185439901CEBC60800B1D86C /* MapViewController.swift in Sources */ = {isa = PBXBuildFile; fileRef = 1854398F1CEBC60800B1D86C /* MapViewController.swift */; };
		185439921CEBC87800B1D86C /* SYPedometer.swift in Sources */ = {isa = PBXBuildFile; fileRef = 185439911CEBC87800B1D86C /* SYPedometer.swift */; };
		185439941CEBC8EA00B1D86C /* SYLocationManager.swift in Sources */ = {isa = PBXBuildFile; fileRef = 185439931CEBC8EA00B1D86C /* SYLocationManager.swift */; };
		1854399C1CEBCBA100B1D86C /* SYSocket.swift in Sources */ = {isa = PBXBuildFile; fileRef = 1854399B1CEBCBA100B1D86C /* SYSocket.swift */; };
		185439A21CEBCF4D00B1D86C /* SocketIOClientSwift.framework in Frameworks */ = {isa = PBXBuildFile; fileRef = 185439A11CEBCF4D00B1D86C /* SocketIOClientSwift.framework */; };
		185439A31CEBD00900B1D86C /* SocketIOClientSwift.framework in Embed Frameworks */ = {isa = PBXBuildFile; fileRef = 185439A11CEBCF4D00B1D86C /* SocketIOClientSwift.framework */; settings = {ATTRIBUTES = (CodeSignOnCopy, RemoveHeadersOnCopy, ); }; };
		187FAD701CEF013800B10224 /* vignette.fsh in Resources */ = {isa = PBXBuildFile; fileRef = 187FAD6A1CEF013800B10224 /* vignette.fsh */; };
		187FAD711CEF013800B10224 /* vignette.vsh in Resources */ = {isa = PBXBuildFile; fileRef = 187FAD6B1CEF013800B10224 /* vignette.vsh */; };
		187FAD741CEF013800B10224 /* vignette.plist in Resources */ = {isa = PBXBuildFile; fileRef = 187FAD6E1CEF013800B10224 /* vignette.plist */; };
		187FAD7D1CEF047A00B10224 /* test.fsh in Resources */ = {isa = PBXBuildFile; fileRef = 187FAD7B1CEF047A00B10224 /* test.fsh */; };
		187FAD7E1CEF047A00B10224 /* tooning.fsh in Resources */ = {isa = PBXBuildFile; fileRef = 187FAD7C1CEF047A00B10224 /* tooning.fsh */; };
		18BC17F61C722BBE008E6558 /* AppDelegate.swift in Sources */ = {isa = PBXBuildFile; fileRef = 18BC17F51C722BBE008E6558 /* AppDelegate.swift */; };
		18CF559C1CE91CA9008E8EC4 /* Colony.storyboard in Resources */ = {isa = PBXBuildFile; fileRef = 18CF55961CE91CA9008E8EC4 /* Colony.storyboard */; };
		18CF559D1CE91CA9008E8EC4 /* LaunchScreen.storyboard in Resources */ = {isa = PBXBuildFile; fileRef = 18CF55971CE91CA9008E8EC4 /* LaunchScreen.storyboard */; };
		18CF559E1CE91CA9008E8EC4 /* Main.storyboard in Resources */ = {isa = PBXBuildFile; fileRef = 18CF55981CE91CA9008E8EC4 /* Main.storyboard */; };
		18CF559F1CE91CA9008E8EC4 /* Map.storyboard in Resources */ = {isa = PBXBuildFile; fileRef = 18CF55991CE91CA9008E8EC4 /* Map.storyboard */; };
		18CF55A01CE91CA9008E8EC4 /* Plant.storyboard in Resources */ = {isa = PBXBuildFile; fileRef = 18CF559A1CE91CA9008E8EC4 /* Plant.storyboard */; };
		18CF55A11CE91CA9008E8EC4 /* Profil.storyboard in Resources */ = {isa = PBXBuildFile; fileRef = 18CF559B1CE91CA9008E8EC4 /* Profil.storyboard */; };
		18CF55A31CE91D85008E8EC4 /* Settings.storyboard in Resources */ = {isa = PBXBuildFile; fileRef = 18CF55A21CE91D85008E8EC4 /* Settings.storyboard */; };
		18DEDE851CE5ED1300CE154F /* TabBar.xib in Resources */ = {isa = PBXBuildFile; fileRef = 18DEDE841CE5ED1300CE154F /* TabBar.xib */; };
		18DEDE881CE5EDD100CE154F /* TabBar.swift in Sources */ = {isa = PBXBuildFile; fileRef = 18DEDE871CE5EDD100CE154F /* TabBar.swift */; };
		18F1363F1CF75AA30021CBF5 /* smoke.fsh in Resources */ = {isa = PBXBuildFile; fileRef = 18F1363C1CF75AA30021CBF5 /* smoke.fsh */; };
		18F136401CF75AA30021CBF5 /* smoke.plist in Resources */ = {isa = PBXBuildFile; fileRef = 18F1363D1CF75AA30021CBF5 /* smoke.plist */; };
		18F136411CF75AA30021CBF5 /* smoke.vsh in Resources */ = {isa = PBXBuildFile; fileRef = 18F1363E1CF75AA30021CBF5 /* smoke.vsh */; };
		18F136541CF7CC270021CBF5 /* SYGeomBranch.swift in Sources */ = {isa = PBXBuildFile; fileRef = 18F1364F1CF7CC270021CBF5 /* SYGeomBranch.swift */; };
		18F136551CF7CC270021CBF5 /* SYGeomEmpty.swift in Sources */ = {isa = PBXBuildFile; fileRef = 18F136501CF7CC270021CBF5 /* SYGeomEmpty.swift */; };
		18F136561CF7CC270021CBF5 /* SYGeomLeaf.swift in Sources */ = {isa = PBXBuildFile; fileRef = 18F136511CF7CC270021CBF5 /* SYGeomLeaf.swift */; };
		18F136571CF7CC270021CBF5 /* SYGeomTige.swift in Sources */ = {isa = PBXBuildFile; fileRef = 18F136521CF7CC270021CBF5 /* SYGeomTige.swift */; };
		18F136581CF7CC270021CBF5 /* SYGeomTrunk.swift in Sources */ = {isa = PBXBuildFile; fileRef = 18F136531CF7CC270021CBF5 /* SYGeomTrunk.swift */; };
		18F1365A1CF7CC460021CBF5 /* SYElementRoot.swift in Sources */ = {isa = PBXBuildFile; fileRef = 18F136591CF7CC460021CBF5 /* SYElementRoot.swift */; };
		18F1365C1CF7CC630021CBF5 /* SYElementBasicType1.swift in Sources */ = {isa = PBXBuildFile; fileRef = 18F1365B1CF7CC630021CBF5 /* SYElementBasicType1.swift */; };
		666301951CFC3815001E991F /* Onboarding.storyboard in Resources */ = {isa = PBXBuildFile; fileRef = 666301941CFC3815001E991F /* Onboarding.storyboard */; };
		666301971CFC3897001E991F /* LoginViewController.swift in Sources */ = {isa = PBXBuildFile; fileRef = 666301961CFC3897001E991F /* LoginViewController.swift */; };
		666301991CFC38EA001E991F /* UserSingleton.swift in Sources */ = {isa = PBXBuildFile; fileRef = 666301981CFC38EA001E991F /* UserSingleton.swift */; };
		6663019B1CFC390E001E991F /* SYOnboarding.swift in Sources */ = {isa = PBXBuildFile; fileRef = 6663019A1CFC390E001E991F /* SYOnboarding.swift */; };
		6663019D1CFC3930001E991F /* SYOnboardingManager.swift in Sources */ = {isa = PBXBuildFile; fileRef = 6663019C1CFC3930001E991F /* SYOnboardingManager.swift */; };
		666301A41CFC3A22001E991F /* IntroViewController.swift in Sources */ = {isa = PBXBuildFile; fileRef = 666301A31CFC3A22001E991F /* IntroViewController.swift */; };
		666301A91CFC443A001E991F /* GraineViewController.swift in Sources */ = {isa = PBXBuildFile; fileRef = 666301A81CFC443A001E991F /* GraineViewController.swift */; };
		666301AB1CFC44AF001E991F /* PollenViewController.swift in Sources */ = {isa = PBXBuildFile; fileRef = 666301AA1CFC44AF001E991F /* PollenViewController.swift */; };
		666301AD1CFC44F1001E991F /* FruitViewController.swift in Sources */ = {isa = PBXBuildFile; fileRef = 666301AC1CFC44F1001E991F /* FruitViewController.swift */; };
		66BBFD011CFD8F6800D6923A /* ProgressBar.swift in Sources */ = {isa = PBXBuildFile; fileRef = 66BBFD001CFD8F6800D6923A /* ProgressBar.swift */; };
		66BBFD031CFD9DA200D6923A /* Login.storyboard in Resources */ = {isa = PBXBuildFile; fileRef = 66BBFD021CFD9DA200D6923A /* Login.storyboard */; };
		66BBFD071CFDAC8900D6923A /* Assets.xcassets in Resources */ = {isa = PBXBuildFile; fileRef = 66BBFD061CFDAC8900D6923A /* Assets.xcassets */; };
		66BBFD0F1CFDD3FA00D6923A /* graine.gif in Resources */ = {isa = PBXBuildFile; fileRef = 66BBFD0E1CFDD3FA00D6923A /* graine.gif */; };
		66BBFD171CFEE6C800D6923A /* SYPopup.swift in Sources */ = {isa = PBXBuildFile; fileRef = 66BBFD161CFEE6C800D6923A /* SYPopup.swift */; };
		66BBFD191CFEE72A00D6923A /* Popup.storyboard in Resources */ = {isa = PBXBuildFile; fileRef = 66BBFD181CFEE72A00D6923A /* Popup.storyboard */; };
/* End PBXBuildFile section */

/* Begin PBXCopyFilesBuildPhase section */
		185439871CEBC4F000B1D86C /* Embed Frameworks */ = {
			isa = PBXCopyFilesBuildPhase;
			buildActionMask = 2147483647;
			dstPath = "";
			dstSubfolderSpec = 10;
			files = (
				185439A31CEBD00900B1D86C /* SocketIOClientSwift.framework in Embed Frameworks */,
				185439861CEBC4EF00B1D86C /* Mapbox.framework in Embed Frameworks */,
			);
			name = "Embed Frameworks";
			runOnlyForDeploymentPostprocessing = 0;
		};
/* End PBXCopyFilesBuildPhase section */

/* Begin PBXFileReference section */
		1814CB2F1CEE0AEE004D7540 /* symbiosis-ios-app-Bridging-Header.h */ = {isa = PBXFileReference; lastKnownFileType = sourcecode.c.h; path = "symbiosis-ios-app-Bridging-Header.h"; sourceTree = "<group>"; };
		1814CB341CEE0B47004D7540 /* main.swift */ = {isa = PBXFileReference; fileEncoding = 4; lastKnownFileType = sourcecode.swift; path = main.swift; sourceTree = "<group>"; };
		1814CB361CEE0DC3004D7540 /* QTouchposeApplication.h */ = {isa = PBXFileReference; fileEncoding = 4; lastKnownFileType = sourcecode.c.h; name = QTouchposeApplication.h; path = Touchpose/QTouchposeApplication.h; sourceTree = "<group>"; };
		1814CB371CEE0DC3004D7540 /* QTouchposeApplication.m */ = {isa = PBXFileReference; fileEncoding = 4; lastKnownFileType = sourcecode.c.objc; name = QTouchposeApplication.m; path = Touchpose/QTouchposeApplication.m; sourceTree = "<group>"; };
		183FF6A81CF8FB6F0086D011 /* ProfilViewController.swift */ = {isa = PBXFileReference; fileEncoding = 4; lastKnownFileType = sourcecode.swift; path = ProfilViewController.swift; sourceTree = "<group>"; };
		183FF6AB1CFA078D0086D011 /* SYPath.swift */ = {isa = PBXFileReference; fileEncoding = 4; lastKnownFileType = sourcecode.swift; path = SYPath.swift; sourceTree = "<group>"; };
		183FF6AC1CFA078D0086D011 /* Utils.swift */ = {isa = PBXFileReference; fileEncoding = 4; lastKnownFileType = sourcecode.swift; path = Utils.swift; sourceTree = "<group>"; };
		183FF6B21CFC75970086D011 /* symbiosis.json */ = {isa = PBXFileReference; fileEncoding = 4; lastKnownFileType = text.json; path = symbiosis.json; sourceTree = "<group>"; };
		183FF6B41CFC77240086D011 /* SYDataLoader.swift */ = {isa = PBXFileReference; fileEncoding = 4; lastKnownFileType = sourcecode.swift; path = SYDataLoader.swift; sourceTree = "<group>"; };
		1848F0121CF6446D000C45D6 /* SYElement.swift */ = {isa = PBXFileReference; fileEncoding = 4; lastKnownFileType = sourcecode.swift; path = SYElement.swift; sourceTree = "<group>"; };
		1848F0151CF6446D000C45D6 /* SYGeom.swift */ = {isa = PBXFileReference; fileEncoding = 4; lastKnownFileType = sourcecode.swift; path = SYGeom.swift; sourceTree = "<group>"; };
		1848F0171CF6446D000C45D6 /* SYPlant.swift */ = {isa = PBXFileReference; fileEncoding = 4; lastKnownFileType = sourcecode.swift; path = SYPlant.swift; sourceTree = "<group>"; };
		1848F0181CF6446D000C45D6 /* SYRandomManager.swift */ = {isa = PBXFileReference; fileEncoding = 4; lastKnownFileType = sourcecode.swift; path = SYRandomManager.swift; sourceTree = "<group>"; };
		1848F0191CF6446D000C45D6 /* SYShape.swift */ = {isa = PBXFileReference; fileEncoding = 4; lastKnownFileType = sourcecode.swift; path = SYShape.swift; sourceTree = "<group>"; };
		1848F01B1CF6446D000C45D6 /* SYStructs.swift */ = {isa = PBXFileReference; fileEncoding = 4; lastKnownFileType = sourcecode.swift; path = SYStructs.swift; sourceTree = "<group>"; };
		184FA85C1CE0CBC4007D5C6F /* SYState.swift */ = {isa = PBXFileReference; fileEncoding = 4; lastKnownFileType = sourcecode.swift; path = SYState.swift; sourceTree = "<group>"; };
		185439841CEBC4EF00B1D86C /* Mapbox.framework */ = {isa = PBXFileReference; lastKnownFileType = wrapper.framework; path = Mapbox.framework; sourceTree = "<group>"; };
		1854398B1CEBC5DD00B1D86C /* MainViewController.swift */ = {isa = PBXFileReference; fileEncoding = 4; lastKnownFileType = sourcecode.swift; path = MainViewController.swift; sourceTree = "<group>"; };
		1854398C1CEBC5DD00B1D86C /* PlantSceneViewController.swift */ = {isa = PBXFileReference; fileEncoding = 4; lastKnownFileType = sourcecode.swift; path = PlantSceneViewController.swift; sourceTree = "<group>"; };
		1854398F1CEBC60800B1D86C /* MapViewController.swift */ = {isa = PBXFileReference; fileEncoding = 4; lastKnownFileType = sourcecode.swift; path = MapViewController.swift; sourceTree = "<group>"; };
		185439911CEBC87800B1D86C /* SYPedometer.swift */ = {isa = PBXFileReference; fileEncoding = 4; lastKnownFileType = sourcecode.swift; path = SYPedometer.swift; sourceTree = "<group>"; };
		185439931CEBC8EA00B1D86C /* SYLocationManager.swift */ = {isa = PBXFileReference; fileEncoding = 4; lastKnownFileType = sourcecode.swift; path = SYLocationManager.swift; sourceTree = "<group>"; };
		185439971CEBCABC00B1D86C /* Cartfile */ = {isa = PBXFileReference; fileEncoding = 4; lastKnownFileType = text; path = Cartfile; sourceTree = SOURCE_ROOT; };
		1854399B1CEBCBA100B1D86C /* SYSocket.swift */ = {isa = PBXFileReference; fileEncoding = 4; lastKnownFileType = sourcecode.swift; path = SYSocket.swift; sourceTree = "<group>"; };
		185439A11CEBCF4D00B1D86C /* SocketIOClientSwift.framework */ = {isa = PBXFileReference; lastKnownFileType = wrapper.framework; name = SocketIOClientSwift.framework; path = Carthage/Build/iOS/SocketIOClientSwift.framework; sourceTree = "<group>"; };
		187FAD6A1CEF013800B10224 /* vignette.fsh */ = {isa = PBXFileReference; fileEncoding = 4; lastKnownFileType = sourcecode.glsl; path = vignette.fsh; sourceTree = "<group>"; };
		187FAD6B1CEF013800B10224 /* vignette.vsh */ = {isa = PBXFileReference; fileEncoding = 4; lastKnownFileType = sourcecode.glsl; path = vignette.vsh; sourceTree = "<group>"; };
		187FAD6E1CEF013800B10224 /* vignette.plist */ = {isa = PBXFileReference; fileEncoding = 4; lastKnownFileType = text.plist.xml; path = vignette.plist; sourceTree = "<group>"; };
		187FAD7B1CEF047A00B10224 /* test.fsh */ = {isa = PBXFileReference; fileEncoding = 4; lastKnownFileType = sourcecode.glsl; path = test.fsh; sourceTree = "<group>"; };
		187FAD7C1CEF047A00B10224 /* tooning.fsh */ = {isa = PBXFileReference; fileEncoding = 4; lastKnownFileType = sourcecode.glsl; path = tooning.fsh; sourceTree = "<group>"; };
		18BC17F21C722BBE008E6558 /* symbiosis-ios-app.app */ = {isa = PBXFileReference; explicitFileType = wrapper.application; includeInIndex = 0; path = "symbiosis-ios-app.app"; sourceTree = BUILT_PRODUCTS_DIR; };
		18BC17F51C722BBE008E6558 /* AppDelegate.swift */ = {isa = PBXFileReference; lastKnownFileType = sourcecode.swift; path = AppDelegate.swift; sourceTree = "<group>"; };
		18BC18031C722BBE008E6558 /* Info.plist */ = {isa = PBXFileReference; lastKnownFileType = text.plist.xml; path = Info.plist; sourceTree = "<group>"; };
		18CF55961CE91CA9008E8EC4 /* Colony.storyboard */ = {isa = PBXFileReference; fileEncoding = 4; lastKnownFileType = file.storyboard; name = Colony.storyboard; path = Storyboards/Colony.storyboard; sourceTree = "<group>"; };
		18CF55971CE91CA9008E8EC4 /* LaunchScreen.storyboard */ = {isa = PBXFileReference; fileEncoding = 4; lastKnownFileType = file.storyboard; name = LaunchScreen.storyboard; path = Storyboards/LaunchScreen.storyboard; sourceTree = "<group>"; };
		18CF55981CE91CA9008E8EC4 /* Main.storyboard */ = {isa = PBXFileReference; fileEncoding = 4; lastKnownFileType = file.storyboard; name = Main.storyboard; path = Storyboards/Main.storyboard; sourceTree = "<group>"; };
		18CF55991CE91CA9008E8EC4 /* Map.storyboard */ = {isa = PBXFileReference; fileEncoding = 4; lastKnownFileType = file.storyboard; name = Map.storyboard; path = Storyboards/Map.storyboard; sourceTree = "<group>"; };
		18CF559A1CE91CA9008E8EC4 /* Plant.storyboard */ = {isa = PBXFileReference; fileEncoding = 4; lastKnownFileType = file.storyboard; name = Plant.storyboard; path = Storyboards/Plant.storyboard; sourceTree = "<group>"; };
		18CF559B1CE91CA9008E8EC4 /* Profil.storyboard */ = {isa = PBXFileReference; fileEncoding = 4; lastKnownFileType = file.storyboard; name = Profil.storyboard; path = Storyboards/Profil.storyboard; sourceTree = "<group>"; };
		18CF55A21CE91D85008E8EC4 /* Settings.storyboard */ = {isa = PBXFileReference; fileEncoding = 4; lastKnownFileType = file.storyboard; name = Settings.storyboard; path = Storyboards/Settings.storyboard; sourceTree = "<group>"; };
		18DEDE841CE5ED1300CE154F /* TabBar.xib */ = {isa = PBXFileReference; fileEncoding = 4; lastKnownFileType = file.xib; path = TabBar.xib; sourceTree = "<group>"; };
		18DEDE871CE5EDD100CE154F /* TabBar.swift */ = {isa = PBXFileReference; fileEncoding = 4; lastKnownFileType = sourcecode.swift; path = TabBar.swift; sourceTree = "<group>"; };
		18F1363C1CF75AA30021CBF5 /* smoke.fsh */ = {isa = PBXFileReference; fileEncoding = 4; lastKnownFileType = sourcecode.glsl; path = smoke.fsh; sourceTree = "<group>"; };
		18F1363D1CF75AA30021CBF5 /* smoke.plist */ = {isa = PBXFileReference; fileEncoding = 4; lastKnownFileType = text.plist.xml; path = smoke.plist; sourceTree = "<group>"; };
		18F1363E1CF75AA30021CBF5 /* smoke.vsh */ = {isa = PBXFileReference; fileEncoding = 4; lastKnownFileType = sourcecode.glsl; path = smoke.vsh; sourceTree = "<group>"; };
		18F1364F1CF7CC270021CBF5 /* SYGeomBranch.swift */ = {isa = PBXFileReference; fileEncoding = 4; lastKnownFileType = sourcecode.swift; path = SYGeomBranch.swift; sourceTree = "<group>"; };
		18F136501CF7CC270021CBF5 /* SYGeomEmpty.swift */ = {isa = PBXFileReference; fileEncoding = 4; lastKnownFileType = sourcecode.swift; path = SYGeomEmpty.swift; sourceTree = "<group>"; };
		18F136511CF7CC270021CBF5 /* SYGeomLeaf.swift */ = {isa = PBXFileReference; fileEncoding = 4; lastKnownFileType = sourcecode.swift; path = SYGeomLeaf.swift; sourceTree = "<group>"; };
		18F136521CF7CC270021CBF5 /* SYGeomTige.swift */ = {isa = PBXFileReference; fileEncoding = 4; lastKnownFileType = sourcecode.swift; path = SYGeomTige.swift; sourceTree = "<group>"; };
		18F136531CF7CC270021CBF5 /* SYGeomTrunk.swift */ = {isa = PBXFileReference; fileEncoding = 4; lastKnownFileType = sourcecode.swift; path = SYGeomTrunk.swift; sourceTree = "<group>"; };
		18F136591CF7CC460021CBF5 /* SYElementRoot.swift */ = {isa = PBXFileReference; fileEncoding = 4; lastKnownFileType = sourcecode.swift; path = SYElementRoot.swift; sourceTree = "<group>"; };
		18F1365B1CF7CC630021CBF5 /* SYElementBasicType1.swift */ = {isa = PBXFileReference; fileEncoding = 4; lastKnownFileType = sourcecode.swift; path = SYElementBasicType1.swift; sourceTree = "<group>"; };
		666301941CFC3815001E991F /* Onboarding.storyboard */ = {isa = PBXFileReference; fileEncoding = 4; lastKnownFileType = file.storyboard; name = Onboarding.storyboard; path = Storyboards/Onboarding.storyboard; sourceTree = "<group>"; };
		666301961CFC3897001E991F /* LoginViewController.swift */ = {isa = PBXFileReference; fileEncoding = 4; lastKnownFileType = sourcecode.swift; path = LoginViewController.swift; sourceTree = "<group>"; };
		666301981CFC38EA001E991F /* UserSingleton.swift */ = {isa = PBXFileReference; fileEncoding = 4; lastKnownFileType = sourcecode.swift; path = UserSingleton.swift; sourceTree = "<group>"; };
		6663019A1CFC390E001E991F /* SYOnboarding.swift */ = {isa = PBXFileReference; fileEncoding = 4; lastKnownFileType = sourcecode.swift; path = SYOnboarding.swift; sourceTree = "<group>"; };
		6663019C1CFC3930001E991F /* SYOnboardingManager.swift */ = {isa = PBXFileReference; fileEncoding = 4; lastKnownFileType = sourcecode.swift; path = SYOnboardingManager.swift; sourceTree = "<group>"; };
		666301A31CFC3A22001E991F /* IntroViewController.swift */ = {isa = PBXFileReference; fileEncoding = 4; lastKnownFileType = sourcecode.swift; name = IntroViewController.swift; path = OnboardingViewControllers/IntroViewController.swift; sourceTree = "<group>"; };
		666301A81CFC443A001E991F /* GraineViewController.swift */ = {isa = PBXFileReference; fileEncoding = 4; lastKnownFileType = sourcecode.swift; path = GraineViewController.swift; sourceTree = "<group>"; };
		666301AA1CFC44AF001E991F /* PollenViewController.swift */ = {isa = PBXFileReference; fileEncoding = 4; lastKnownFileType = sourcecode.swift; path = PollenViewController.swift; sourceTree = "<group>"; };
		666301AC1CFC44F1001E991F /* FruitViewController.swift */ = {isa = PBXFileReference; fileEncoding = 4; lastKnownFileType = sourcecode.swift; path = FruitViewController.swift; sourceTree = "<group>"; };
		66BBFD001CFD8F6800D6923A /* ProgressBar.swift */ = {isa = PBXFileReference; fileEncoding = 4; lastKnownFileType = sourcecode.swift; path = ProgressBar.swift; sourceTree = "<group>"; };
		66BBFD021CFD9DA200D6923A /* Login.storyboard */ = {isa = PBXFileReference; fileEncoding = 4; lastKnownFileType = file.storyboard; path = Login.storyboard; sourceTree = "<group>"; };
		66BBFD061CFDAC8900D6923A /* Assets.xcassets */ = {isa = PBXFileReference; lastKnownFileType = folder.assetcatalog; name = Assets.xcassets; path = Assets/Assets.xcassets; sourceTree = "<group>"; };
		66BBFD0E1CFDD3FA00D6923A /* graine.gif */ = {isa = PBXFileReference; lastKnownFileType = image.gif; path = graine.gif; sourceTree = "<group>"; };
		66BBFD161CFEE6C800D6923A /* SYPopup.swift */ = {isa = PBXFileReference; fileEncoding = 4; lastKnownFileType = sourcecode.swift; path = SYPopup.swift; sourceTree = "<group>"; };
		66BBFD181CFEE72A00D6923A /* Popup.storyboard */ = {isa = PBXFileReference; fileEncoding = 4; lastKnownFileType = file.storyboard; path = Popup.storyboard; sourceTree = "<group>"; };
/* End PBXFileReference section */

/* Begin PBXFrameworksBuildPhase section */
		18BC17EF1C722BBE008E6558 /* Frameworks */ = {
			isa = PBXFrameworksBuildPhase;
			buildActionMask = 2147483647;
			files = (
				185439851CEBC4EF00B1D86C /* Mapbox.framework in Frameworks */,
				185439A21CEBCF4D00B1D86C /* SocketIOClientSwift.framework in Frameworks */,
			);
			runOnlyForDeploymentPostprocessing = 0;
		};
/* End PBXFrameworksBuildPhase section */

/* Begin PBXGroup section */
		1814CB331CEE0B02004D7540 /* Touchpose */ = {
			isa = PBXGroup;
			children = (
				1814CB361CEE0DC3004D7540 /* QTouchposeApplication.h */,
				1814CB371CEE0DC3004D7540 /* QTouchposeApplication.m */,
			);
			name = Touchpose;
			sourceTree = "<group>";
		};
		1814CB391CEE53DE004D7540 /* Assets */ = {
			isa = PBXGroup;
			children = (
				66BBFD091CFDAF9200D6923A /* gif */,
				183FF6B21CFC75970086D011 /* symbiosis.json */,
				187FAD7A1CEF047A00B10224 /* Shaders */,
				187FAD5A1CEEFFE200B10224 /* Techniques */,
			);
			path = Assets;
			sourceTree = "<group>";
		};
		183FF6AA1CFA078D0086D011 /* Utils */ = {
			isa = PBXGroup;
			children = (
				183FF6AB1CFA078D0086D011 /* SYPath.swift */,
				183FF6AC1CFA078D0086D011 /* Utils.swift */,
				183FF6B41CFC77240086D011 /* SYDataLoader.swift */,
			);
			path = Utils;
			sourceTree = "<group>";
		};
		1848F0111CF6446D000C45D6 /* Plant3D */ = {
			isa = PBXGroup;
			children = (
				18F136421CF7CAB40021CBF5 /* SYElements */,
				18F1364E1CF7CC270021CBF5 /* SYGeoms */,
				1848F0181CF6446D000C45D6 /* SYRandomManager.swift */,
				1848F01B1CF6446D000C45D6 /* SYStructs.swift */,
				1848F0171CF6446D000C45D6 /* SYPlant.swift */,
				1848F0191CF6446D000C45D6 /* SYShape.swift */,
				1848F0151CF6446D000C45D6 /* SYGeom.swift */,
				1848F0121CF6446D000C45D6 /* SYElement.swift */,
			);
			path = Plant3D;
			sourceTree = "<group>";
		};
		1854398A1CEBC5DD00B1D86C /* ViewControllers */ = {
			isa = PBXGroup;
			children = (
				1854398B1CEBC5DD00B1D86C /* MainViewController.swift */,
				1854398C1CEBC5DD00B1D86C /* PlantSceneViewController.swift */,
				1854398F1CEBC60800B1D86C /* MapViewController.swift */,
				183FF6A81CF8FB6F0086D011 /* ProfilViewController.swift */,
				666301961CFC3897001E991F /* LoginViewController.swift */,
			);
			path = ViewControllers;
			sourceTree = "<group>";
		};
		187FAD5A1CEEFFE200B10224 /* Techniques */ = {
			isa = PBXGroup;
			children = (
				18F1363B1CF75AA30021CBF5 /* smoke */,
				187FAD681CEF013800B10224 /* vignette */,
			);
			path = Techniques;
			sourceTree = "<group>";
		};
		187FAD681CEF013800B10224 /* vignette */ = {
			isa = PBXGroup;
			children = (
				187FAD6A1CEF013800B10224 /* vignette.fsh */,
				187FAD6B1CEF013800B10224 /* vignette.vsh */,
				187FAD6E1CEF013800B10224 /* vignette.plist */,
			);
			path = vignette;
			sourceTree = "<group>";
		};
		187FAD7A1CEF047A00B10224 /* Shaders */ = {
			isa = PBXGroup;
			children = (
				187FAD7B1CEF047A00B10224 /* test.fsh */,
				187FAD7C1CEF047A00B10224 /* tooning.fsh */,
			);
			name = Shaders;
			path = Symbiosis/Assets/Shaders;
			sourceTree = SOURCE_ROOT;
		};
		18BC17E91C722BBE008E6558 = {
			isa = PBXGroup;
			children = (
				185439971CEBCABC00B1D86C /* Cartfile */,
				185439A11CEBCF4D00B1D86C /* SocketIOClientSwift.framework */,
				185439841CEBC4EF00B1D86C /* Mapbox.framework */,
				18BC17F41C722BBE008E6558 /* Symbiosis */,
				18BC17F31C722BBE008E6558 /* Products */,
			);
			sourceTree = "<group>";
		};
		18BC17F31C722BBE008E6558 /* Products */ = {
			isa = PBXGroup;
			children = (
				18BC17F21C722BBE008E6558 /* symbiosis-ios-app.app */,
			);
			name = Products;
			sourceTree = "<group>";
		};
		18BC17F41C722BBE008E6558 /* Symbiosis */ = {
			isa = PBXGroup;
			children = (
				18BC18031C722BBE008E6558 /* Info.plist */,
				1814CB2F1CEE0AEE004D7540 /* symbiosis-ios-app-Bridging-Header.h */,
				1814CB341CEE0B47004D7540 /* main.swift */,
				18BC17F51C722BBE008E6558 /* AppDelegate.swift */,
				184FA85C1CE0CBC4007D5C6F /* SYState.swift */,
				1854399B1CEBCBA100B1D86C /* SYSocket.swift */,
				185439911CEBC87800B1D86C /* SYPedometer.swift */,
				185439931CEBC8EA00B1D86C /* SYLocationManager.swift */,
				666301981CFC38EA001E991F /* UserSingleton.swift */,
				6663019A1CFC390E001E991F /* SYOnboarding.swift */,
				66BBFD161CFEE6C800D6923A /* SYPopup.swift */,
				6663019C1CFC3930001E991F /* SYOnboardingManager.swift */,
				66BBFD061CFDAC8900D6923A /* Assets.xcassets */,
				183FF6AA1CFA078D0086D011 /* Utils */,
				1814CB391CEE53DE004D7540 /* Assets */,
				1814CB331CEE0B02004D7540 /* Touchpose */,
				666301A51CFC3A2B001E991F /* OnboardingViewControllers */,
				1854398A1CEBC5DD00B1D86C /* ViewControllers */,
				18DEDE861CE5ED8100CE154F /* Components */,
				1848F0111CF6446D000C45D6 /* Plant3D */,
				18EE767A1CDA2598000F290C /* Storyboards */,
			);
			path = Symbiosis;
			sourceTree = "<group>";
		};
		18DEDE861CE5ED8100CE154F /* Components */ = {
			isa = PBXGroup;
			children = (
				18DEDE841CE5ED1300CE154F /* TabBar.xib */,
				18DEDE871CE5EDD100CE154F /* TabBar.swift */,
				66BBFD001CFD8F6800D6923A /* ProgressBar.swift */,
			);
			path = Components;
			sourceTree = "<group>";
		};
		18EE767A1CDA2598000F290C /* Storyboards */ = {
			isa = PBXGroup;
			children = (
				18CF55961CE91CA9008E8EC4 /* Colony.storyboard */,
				18CF55981CE91CA9008E8EC4 /* Main.storyboard */,
				18CF55991CE91CA9008E8EC4 /* Map.storyboard */,
				18CF559A1CE91CA9008E8EC4 /* Plant.storyboard */,
				18CF559B1CE91CA9008E8EC4 /* Profil.storyboard */,
				18CF55A21CE91D85008E8EC4 /* Settings.storyboard */,
				18CF55971CE91CA9008E8EC4 /* LaunchScreen.storyboard */,
				666301941CFC3815001E991F /* Onboarding.storyboard */,
				66BBFD021CFD9DA200D6923A /* Login.storyboard */,
				66BBFD181CFEE72A00D6923A /* Popup.storyboard */,
			);
			name = Storyboards;
			sourceTree = "<group>";
		};
		18F1363B1CF75AA30021CBF5 /* smoke */ = {
			isa = PBXGroup;
			children = (
				18F1363C1CF75AA30021CBF5 /* smoke.fsh */,
				18F1363E1CF75AA30021CBF5 /* smoke.vsh */,
				18F1363D1CF75AA30021CBF5 /* smoke.plist */,
			);
			path = smoke;
			sourceTree = "<group>";
		};
		18F136421CF7CAB40021CBF5 /* SYElements */ = {
			isa = PBXGroup;
			children = (
				18F136591CF7CC460021CBF5 /* SYElementRoot.swift */,
				18F1365B1CF7CC630021CBF5 /* SYElementBasicType1.swift */,
			);
			path = SYElements;
			sourceTree = "<group>";
		};
		18F1364E1CF7CC270021CBF5 /* SYGeoms */ = {
			isa = PBXGroup;
			children = (
				18F1364F1CF7CC270021CBF5 /* SYGeomBranch.swift */,
				18F136501CF7CC270021CBF5 /* SYGeomEmpty.swift */,
				18F136511CF7CC270021CBF5 /* SYGeomLeaf.swift */,
				18F136521CF7CC270021CBF5 /* SYGeomTige.swift */,
				18F136531CF7CC270021CBF5 /* SYGeomTrunk.swift */,
			);
			path = SYGeoms;
			sourceTree = "<group>";
		};
		666301A51CFC3A2B001E991F /* OnboardingViewControllers */ = {
			isa = PBXGroup;
			children = (
				666301A31CFC3A22001E991F /* IntroViewController.swift */,
				666301A81CFC443A001E991F /* GraineViewController.swift */,
				666301AA1CFC44AF001E991F /* PollenViewController.swift */,
				666301AC1CFC44F1001E991F /* FruitViewController.swift */,
			);
			name = OnboardingViewControllers;
			sourceTree = "<group>";
		};
		66BBFD091CFDAF9200D6923A /* gif */ = {
			isa = PBXGroup;
			children = (
				66BBFD0E1CFDD3FA00D6923A /* graine.gif */,
			);
			path = gif;
			sourceTree = "<group>";
		};
/* End PBXGroup section */

/* Begin PBXNativeTarget section */
		18BC17F11C722BBE008E6558 /* symbiosis-ios-app */ = {
			isa = PBXNativeTarget;
			buildConfigurationList = 18BC18061C722BBE008E6558 /* Build configuration list for PBXNativeTarget "symbiosis-ios-app" */;
			buildPhases = (
				18BC17EE1C722BBE008E6558 /* Sources */,
				18BC17EF1C722BBE008E6558 /* Frameworks */,
				18BC17F01C722BBE008E6558 /* Resources */,
				185439871CEBC4F000B1D86C /* Embed Frameworks */,
				185439891CEBC52500B1D86C /* ShellScript */,
				183FF6AF1CFA0B000086D011 /* ShellScript */,
			);
			buildRules = (
			);
			dependencies = (
			);
			name = "symbiosis-ios-app";
			productName = "POC-SceneKit";
			productReference = 18BC17F21C722BBE008E6558 /* symbiosis-ios-app.app */;
			productType = "com.apple.product-type.application";
		};
/* End PBXNativeTarget section */

/* Begin PBXProject section */
		18BC17EA1C722BBE008E6558 /* Project object */ = {
			isa = PBXProject;
			attributes = {
				LastSwiftUpdateCheck = 0730;
				LastUpgradeCheck = 0720;
				ORGANIZATIONNAME = "Etienne De Ladonchamps";
				TargetAttributes = {
					18BC17F11C722BBE008E6558 = {
						CreatedOnToolsVersion = 7.2.1;
						DevelopmentTeam = U953397FRU;
						SystemCapabilities = {
							com.apple.BackgroundModes = {
								enabled = 0;
							};
							com.apple.Maps.iOS = {
								enabled = 0;
							};
						};
					};
				};
			};
			buildConfigurationList = 18BC17ED1C722BBE008E6558 /* Build configuration list for PBXProject "symbiosis-ios-app" */;
			compatibilityVersion = "Xcode 3.2";
			developmentRegion = English;
			hasScannedForEncodings = 0;
			knownRegions = (
				en,
				Base,
			);
			mainGroup = 18BC17E91C722BBE008E6558;
			productRefGroup = 18BC17F31C722BBE008E6558 /* Products */;
			projectDirPath = "";
			projectRoot = "";
			targets = (
				18BC17F11C722BBE008E6558 /* symbiosis-ios-app */,
			);
		};
/* End PBXProject section */

/* Begin PBXResourcesBuildPhase section */
		18BC17F01C722BBE008E6558 /* Resources */ = {
			isa = PBXResourcesBuildPhase;
			buildActionMask = 2147483647;
			files = (
				18CF55A31CE91D85008E8EC4 /* Settings.storyboard in Resources */,
				66BBFD031CFD9DA200D6923A /* Login.storyboard in Resources */,
				18CF559E1CE91CA9008E8EC4 /* Main.storyboard in Resources */,
				18F1363F1CF75AA30021CBF5 /* smoke.fsh in Resources */,
				66BBFD071CFDAC8900D6923A /* Assets.xcassets in Resources */,
				187FAD701CEF013800B10224 /* vignette.fsh in Resources */,
				187FAD711CEF013800B10224 /* vignette.vsh in Resources */,
				66BBFD191CFEE72A00D6923A /* Popup.storyboard in Resources */,
				18CF559D1CE91CA9008E8EC4 /* LaunchScreen.storyboard in Resources */,
				187FAD7D1CEF047A00B10224 /* test.fsh in Resources */,
				66BBFD0F1CFDD3FA00D6923A /* graine.gif in Resources */,
				18CF55A01CE91CA9008E8EC4 /* Plant.storyboard in Resources */,
				187FAD7E1CEF047A00B10224 /* tooning.fsh in Resources */,
				18CF55A11CE91CA9008E8EC4 /* Profil.storyboard in Resources */,
				18F136411CF75AA30021CBF5 /* smoke.vsh in Resources */,
				187FAD741CEF013800B10224 /* vignette.plist in Resources */,
				18DEDE851CE5ED1300CE154F /* TabBar.xib in Resources */,
				18CF559C1CE91CA9008E8EC4 /* Colony.storyboard in Resources */,
				666301951CFC3815001E991F /* Onboarding.storyboard in Resources */,
				18F136401CF75AA30021CBF5 /* smoke.plist in Resources */,
				18CF559F1CE91CA9008E8EC4 /* Map.storyboard in Resources */,
				183FF6B31CFC75970086D011 /* symbiosis.json in Resources */,
			);
			runOnlyForDeploymentPostprocessing = 0;
		};
/* End PBXResourcesBuildPhase section */

/* Begin PBXShellScriptBuildPhase section */
		183FF6AF1CFA0B000086D011 /* ShellScript */ = {
			isa = PBXShellScriptBuildPhase;
			buildActionMask = 2147483647;
			files = (
			);
			inputPaths = (
			);
			outputPaths = (
			);
			runOnlyForDeploymentPostprocessing = 0;
			shellPath = /bin/sh;
			shellScript = "ls .\ntoken_file=$PROJECT_DIR/.mapboxToken\ntoken=\"$(cat $token_file)\"\nif [ \"$token\" ]; then\nplutil -replace MGLMapboxAccessToken -string $token \"$TARGET_BUILD_DIR/$INFOPLIST_PATH\"\nelse\necho 'error: Missing Mapbox access token'\nopen 'https://www.mapbox.com/studio/account/tokens/'\necho \"error: Get an access token from <https://www.mapbox.com/studio/account/tokens/>, then create a new file at $token_file that contains the access token.\"\nexit 1\nfi";
		};
		185439891CEBC52500B1D86C /* ShellScript */ = {
			isa = PBXShellScriptBuildPhase;
			buildActionMask = 2147483647;
			files = (
			);
			inputPaths = (
			);
			outputPaths = (
			);
			runOnlyForDeploymentPostprocessing = 0;
			shellPath = /bin/sh;
			shellScript = "bash \"${BUILT_PRODUCTS_DIR}/${FRAMEWORKS_FOLDER_PATH}/Mapbox.framework/strip-frameworks.sh\"";
		};
/* End PBXShellScriptBuildPhase section */

/* Begin PBXSourcesBuildPhase section */
		18BC17EE1C722BBE008E6558 /* Sources */ = {
			isa = PBXSourcesBuildPhase;
			buildActionMask = 2147483647;
			files = (
				666301971CFC3897001E991F /* LoginViewController.swift in Sources */,
				666301AD1CFC44F1001E991F /* FruitViewController.swift in Sources */,
				183FF6AD1CFA078D0086D011 /* SYPath.swift in Sources */,
				18F136571CF7CC270021CBF5 /* SYGeomTige.swift in Sources */,
				1854398D1CEBC5DD00B1D86C /* MainViewController.swift in Sources */,
				18BC17F61C722BBE008E6558 /* AppDelegate.swift in Sources */,
				183FF6A91CF8FB6F0086D011 /* ProfilViewController.swift in Sources */,
				1848F01C1CF6446D000C45D6 /* SYElement.swift in Sources */,
				66BBFD011CFD8F6800D6923A /* ProgressBar.swift in Sources */,
				18F136541CF7CC270021CBF5 /* SYGeomBranch.swift in Sources */,
				1814CB351CEE0B47004D7540 /* main.swift in Sources */,
				183FF6AE1CFA078D0086D011 /* Utils.swift in Sources */,
				1848F0221CF6446D000C45D6 /* SYRandomManager.swift in Sources */,
				18F1365A1CF7CC460021CBF5 /* SYElementRoot.swift in Sources */,
				18F136551CF7CC270021CBF5 /* SYGeomEmpty.swift in Sources */,
				185439901CEBC60800B1D86C /* MapViewController.swift in Sources */,
				6663019B1CFC390E001E991F /* SYOnboarding.swift in Sources */,
				1848F0231CF6446D000C45D6 /* SYShape.swift in Sources */,
				184FA85D1CE0CBC4007D5C6F /* SYState.swift in Sources */,
				185439921CEBC87800B1D86C /* SYPedometer.swift in Sources */,
				18F1365C1CF7CC630021CBF5 /* SYElementBasicType1.swift in Sources */,
				1848F0211CF6446D000C45D6 /* SYPlant.swift in Sources */,
				6663019D1CFC3930001E991F /* SYOnboardingManager.swift in Sources */,
				18F136561CF7CC270021CBF5 /* SYGeomLeaf.swift in Sources */,
				666301AB1CFC44AF001E991F /* PollenViewController.swift in Sources */,
				18F136581CF7CC270021CBF5 /* SYGeomTrunk.swift in Sources */,
				66BBFD171CFEE6C800D6923A /* SYPopup.swift in Sources */,
				185439941CEBC8EA00B1D86C /* SYLocationManager.swift in Sources */,
				666301991CFC38EA001E991F /* UserSingleton.swift in Sources */,
				1848F0251CF6446D000C45D6 /* SYStructs.swift in Sources */,
				1848F01F1CF6446D000C45D6 /* SYGeom.swift in Sources */,
				666301A91CFC443A001E991F /* GraineViewController.swift in Sources */,
				18DEDE881CE5EDD100CE154F /* TabBar.swift in Sources */,
				1854399C1CEBCBA100B1D86C /* SYSocket.swift in Sources */,
				1854398E1CEBC5DD00B1D86C /* PlantSceneViewController.swift in Sources */,
				1814CB381CEE0DC3004D7540 /* QTouchposeApplication.m in Sources */,
				666301A41CFC3A22001E991F /* IntroViewController.swift in Sources */,
				183FF6B51CFC77240086D011 /* SYDataLoader.swift in Sources */,
			);
			runOnlyForDeploymentPostprocessing = 0;
		};
/* End PBXSourcesBuildPhase section */

/* Begin XCBuildConfiguration section */
		18BC18041C722BBE008E6558 /* Debug */ = {
			isa = XCBuildConfiguration;
			buildSettings = {
				ALWAYS_SEARCH_USER_PATHS = NO;
				CLANG_CXX_LANGUAGE_STANDARD = "gnu++0x";
				CLANG_CXX_LIBRARY = "libc++";
				CLANG_ENABLE_MODULES = YES;
				CLANG_ENABLE_OBJC_ARC = YES;
				CLANG_WARN_BOOL_CONVERSION = YES;
				CLANG_WARN_CONSTANT_CONVERSION = YES;
				CLANG_WARN_DIRECT_OBJC_ISA_USAGE = YES_ERROR;
				CLANG_WARN_EMPTY_BODY = YES;
				CLANG_WARN_ENUM_CONVERSION = YES;
				CLANG_WARN_INT_CONVERSION = YES;
				CLANG_WARN_OBJC_ROOT_CLASS = YES_ERROR;
				CLANG_WARN_UNREACHABLE_CODE = YES;
				CLANG_WARN__DUPLICATE_METHOD_MATCH = YES;
				"CODE_SIGN_IDENTITY[sdk=iphoneos*]" = "iPhone Developer";
				COPY_PHASE_STRIP = NO;
				DEBUG_INFORMATION_FORMAT = "dwarf-with-dsym";
				ENABLE_STRICT_OBJC_MSGSEND = YES;
				ENABLE_TESTABILITY = YES;
				GCC_C_LANGUAGE_STANDARD = gnu99;
				GCC_DYNAMIC_NO_PIC = NO;
				GCC_NO_COMMON_BLOCKS = YES;
				GCC_OPTIMIZATION_LEVEL = 0;
				GCC_PREPROCESSOR_DEFINITIONS = (
					"DEBUG=1",
					"$(inherited)",
				);
				GCC_WARN_64_TO_32_BIT_CONVERSION = YES;
				GCC_WARN_ABOUT_RETURN_TYPE = YES_ERROR;
				GCC_WARN_UNDECLARED_SELECTOR = YES;
				GCC_WARN_UNINITIALIZED_AUTOS = YES_AGGRESSIVE;
				GCC_WARN_UNUSED_FUNCTION = YES;
				GCC_WARN_UNUSED_VARIABLE = YES;
				IPHONEOS_DEPLOYMENT_TARGET = 9.2;
				MTL_ENABLE_DEBUG_INFO = YES;
				ONLY_ACTIVE_ARCH = YES;
				SDKROOT = iphoneos;
				SWIFT_OPTIMIZATION_LEVEL = "-Onone";
			};
			name = Debug;
		};
		18BC18051C722BBE008E6558 /* Release */ = {
			isa = XCBuildConfiguration;
			buildSettings = {
				ALWAYS_SEARCH_USER_PATHS = NO;
				CLANG_CXX_LANGUAGE_STANDARD = "gnu++0x";
				CLANG_CXX_LIBRARY = "libc++";
				CLANG_ENABLE_MODULES = YES;
				CLANG_ENABLE_OBJC_ARC = YES;
				CLANG_WARN_BOOL_CONVERSION = YES;
				CLANG_WARN_CONSTANT_CONVERSION = YES;
				CLANG_WARN_DIRECT_OBJC_ISA_USAGE = YES_ERROR;
				CLANG_WARN_EMPTY_BODY = YES;
				CLANG_WARN_ENUM_CONVERSION = YES;
				CLANG_WARN_INT_CONVERSION = YES;
				CLANG_WARN_OBJC_ROOT_CLASS = YES_ERROR;
				CLANG_WARN_UNREACHABLE_CODE = YES;
				CLANG_WARN__DUPLICATE_METHOD_MATCH = YES;
				"CODE_SIGN_IDENTITY[sdk=iphoneos*]" = "iPhone Developer";
				COPY_PHASE_STRIP = NO;
				DEBUG_INFORMATION_FORMAT = "dwarf-with-dsym";
				ENABLE_NS_ASSERTIONS = NO;
				ENABLE_STRICT_OBJC_MSGSEND = YES;
				GCC_C_LANGUAGE_STANDARD = gnu99;
				GCC_NO_COMMON_BLOCKS = YES;
				GCC_WARN_64_TO_32_BIT_CONVERSION = YES;
				GCC_WARN_ABOUT_RETURN_TYPE = YES_ERROR;
				GCC_WARN_UNDECLARED_SELECTOR = YES;
				GCC_WARN_UNINITIALIZED_AUTOS = YES_AGGRESSIVE;
				GCC_WARN_UNUSED_FUNCTION = YES;
				GCC_WARN_UNUSED_VARIABLE = YES;
				IPHONEOS_DEPLOYMENT_TARGET = 9.2;
				MTL_ENABLE_DEBUG_INFO = NO;
				SDKROOT = iphoneos;
				VALIDATE_PRODUCT = YES;
			};
			name = Release;
		};
		18BC18071C722BBE008E6558 /* Debug */ = {
			isa = XCBuildConfiguration;
			buildSettings = {
				ASSETCATALOG_COMPILER_APPICON_NAME = AppIcon;
				CLANG_ENABLE_MODULES = YES;
				FRAMEWORK_SEARCH_PATHS = (
					"$(inherited)",
					"$(PROJECT_DIR)",
					"$(PROJECT_DIR)/Carthage/Build/iOS",
				);
				INFOPLIST_FILE = "$(SRCROOT)/Symbiosis/Info.plist";
				LD_RUNPATH_SEARCH_PATHS = "$(inherited) @executable_path/Frameworks";
				PRODUCT_BUNDLE_IDENTIFIER = "com.deladonchamps.iOS-App";
				PRODUCT_NAME = "symbiosis-ios-app";
				SWIFT_OBJC_BRIDGING_HEADER = "Symbiosis/symbiosis-ios-app-Bridging-Header.h";
				SWIFT_OPTIMIZATION_LEVEL = "-Onone";
			};
			name = Debug;
		};
		18BC18081C722BBE008E6558 /* Release */ = {
			isa = XCBuildConfiguration;
			buildSettings = {
				ASSETCATALOG_COMPILER_APPICON_NAME = AppIcon;
				CLANG_ENABLE_MODULES = YES;
				FRAMEWORK_SEARCH_PATHS = (
					"$(inherited)",
					"$(PROJECT_DIR)",
					"$(PROJECT_DIR)/Carthage/Build/iOS",
				);
				INFOPLIST_FILE = "$(SRCROOT)/Symbiosis/Info.plist";
				LD_RUNPATH_SEARCH_PATHS = "$(inherited) @executable_path/Frameworks";
				PRODUCT_BUNDLE_IDENTIFIER = "com.deladonchamps.iOS-App";
				PRODUCT_NAME = "symbiosis-ios-app";
				SWIFT_OBJC_BRIDGING_HEADER = "Symbiosis/symbiosis-ios-app-Bridging-Header.h";
			};
			name = Release;
		};
/* End XCBuildConfiguration section */

/* Begin XCConfigurationList section */
		18BC17ED1C722BBE008E6558 /* Build configuration list for PBXProject "symbiosis-ios-app" */ = {
			isa = XCConfigurationList;
			buildConfigurations = (
				18BC18041C722BBE008E6558 /* Debug */,
				18BC18051C722BBE008E6558 /* Release */,
			);
			defaultConfigurationIsVisible = 0;
			defaultConfigurationName = Release;
		};
		18BC18061C722BBE008E6558 /* Build configuration list for PBXNativeTarget "symbiosis-ios-app" */ = {
			isa = XCConfigurationList;
			buildConfigurations = (
				18BC18071C722BBE008E6558 /* Debug */,
				18BC18081C722BBE008E6558 /* Release */,
			);
			defaultConfigurationIsVisible = 0;
			defaultConfigurationName = Release;
		};
/* End XCConfigurationList section */
	};
	rootObject = 18BC17EA1C722BBE008E6558 /* Project object */;
}
